
Microsoft Visual Studio Solution File, Format Version 12.00
# Visual Studio Version 16
VisualStudioVersion = 16.0.31624.102
MinimumVisualStudioVersion = 10.0.40219.1
Project("{FAE04EC0-301F-11D3-BF4B-00C04F79EFBC}") = "Lession01", "Lession01\Lession01.csproj", "{B526F370-BB65-4A2C-AEA8-D2868782E7B8}"
EndProject
Project("{FAE04EC0-301F-11D3-BF4B-00C04F79EFBC}") = "Lession02", "Lession02\Lession02.csproj", "{9F0F1185-1018-4E26-AF70-AAFDB4DEB084}"
EndProject
Project("{FAE04EC0-301F-11D3-BF4B-00C04F79EFBC}") = "Lession03", "Lession03\Lession03.csproj", "{3274F4ED-9518-4A8F-A7F8-E7E9DB4B092B}"
EndProject
Project("{FAE04EC0-301F-11D3-BF4B-00C04F79EFBC}") = "_Test", "_Test\_Test.csproj", "{6A99DD2A-14C5-4B62-BAD4-DB730F35DD7F}"
EndProject
Project("{FAE04EC0-301F-11D3-BF4B-00C04F79EFBC}") = "Lession04", "Lession04\Lession04.csproj", "{0EC440DC-944A-45EC-AC62-23E802603B14}"
EndProject
Project("{FAE04EC0-301F-11D3-BF4B-00C04F79EFBC}") = "MyLibrary", "MyLibrary\MyLibrary.csproj", "{6FAD50FE-AE1F-4832-BECD-B133908EB147}"
EndProject
Project("{FAE04EC0-301F-11D3-BF4B-00C04F79EFBC}") = "Lession05", "Lession05\Lession05.csproj", "{1D53998C-19EE-4520-BB55-94994FB4CD64}"
EndProject
Project("{2150E333-8FDC-42A3-9474-1A3956D46DE8}") = "Old", "Old", "{EFFE0F75-3706-418C-A019-FC07B901FAB1}"
EndProject
Project("{2150E333-8FDC-42A3-9474-1A3956D46DE8}") = "Test", "Test", "{DA3FCF03-1456-4723-8B7B-AAB121BAA55D}"
EndProject
Project("{FAE04EC0-301F-11D3-BF4B-00C04F79EFBC}") = "Lession06", "Lession06\Lession06.csproj", "{7005A751-1B87-42B5-9A1A-7FAC724E3406}"
EndProject
Project("{FAE04EC0-301F-11D3-BF4B-00C04F79EFBC}") = "Lession07", "Lession07\Lession07.csproj", "{04B9C388-52E6-4C3E-A974-F4691ACDEEF8}"
EndProject
Global
	GlobalSection(SolutionConfigurationPlatforms) = preSolution
		Debug|Any CPU = Debug|Any CPU
		Release|Any CPU = Release|Any CPU
	EndGlobalSection
	GlobalSection(ProjectConfigurationPlatforms) = postSolution
		{B526F370-BB65-4A2C-AEA8-D2868782E7B8}.Debug|Any CPU.ActiveCfg = Debug|Any CPU
		{B526F370-BB65-4A2C-AEA8-D2868782E7B8}.Debug|Any CPU.Build.0 = Debug|Any CPU
		{B526F370-BB65-4A2C-AEA8-D2868782E7B8}.Release|Any CPU.ActiveCfg = Release|Any CPU
		{B526F370-BB65-4A2C-AEA8-D2868782E7B8}.Release|Any CPU.Build.0 = Release|Any CPU
		{9F0F1185-1018-4E26-AF70-AAFDB4DEB084}.Debug|Any CPU.ActiveCfg = Debug|Any CPU
		{9F0F1185-1018-4E26-AF70-AAFDB4DEB084}.Debug|Any CPU.Build.0 = Debug|Any CPU
		{9F0F1185-1018-4E26-AF70-AAFDB4DEB084}.Release|Any CPU.ActiveCfg = Release|Any CPU
		{9F0F1185-1018-4E26-AF70-AAFDB4DEB084}.Release|Any CPU.Build.0 = Release|Any CPU
		{3274F4ED-9518-4A8F-A7F8-E7E9DB4B092B}.Debug|Any CPU.ActiveCfg = Debug|Any CPU
		{3274F4ED-9518-4A8F-A7F8-E7E9DB4B092B}.Debug|Any CPU.Build.0 = Debug|Any CPU
		{3274F4ED-9518-4A8F-A7F8-E7E9DB4B092B}.Release|Any CPU.ActiveCfg = Release|Any CPU
		{3274F4ED-9518-4A8F-A7F8-E7E9DB4B092B}.Release|Any CPU.Build.0 = Release|Any CPU
		{6A99DD2A-14C5-4B62-BAD4-DB730F35DD7F}.Debug|Any CPU.ActiveCfg = Debug|Any CPU
		{6A99DD2A-14C5-4B62-BAD4-DB730F35DD7F}.Debug|Any CPU.Build.0 = Debug|Any CPU
		{6A99DD2A-14C5-4B62-BAD4-DB730F35DD7F}.Release|Any CPU.ActiveCfg = Release|Any CPU
		{6A99DD2A-14C5-4B62-BAD4-DB730F35DD7F}.Release|Any CPU.Build.0 = Release|Any CPU
		{0EC440DC-944A-45EC-AC62-23E802603B14}.Debug|Any CPU.ActiveCfg = Debug|Any CPU
		{0EC440DC-944A-45EC-AC62-23E802603B14}.Debug|Any CPU.Build.0 = Debug|Any CPU
		{0EC440DC-944A-45EC-AC62-23E802603B14}.Release|Any CPU.ActiveCfg = Release|Any CPU
		{0EC440DC-944A-45EC-AC62-23E802603B14}.Release|Any CPU.Build.0 = Release|Any CPU
		{6FAD50FE-AE1F-4832-BECD-B133908EB147}.Debug|Any CPU.ActiveCfg = Debug|Any CPU
		{6FAD50FE-AE1F-4832-BECD-B133908EB147}.Debug|Any CPU.Build.0 = Debug|Any CPU
		{6FAD50FE-AE1F-4832-BECD-B133908EB147}.Release|Any CPU.ActiveCfg = Release|Any CPU
		{6FAD50FE-AE1F-4832-BECD-B133908EB147}.Release|Any CPU.Build.0 = Release|Any CPU
		{1D53998C-19EE-4520-BB55-94994FB4CD64}.Debug|Any CPU.ActiveCfg = Debug|Any CPU
		{1D53998C-19EE-4520-BB55-94994FB4CD64}.Debug|Any CPU.Build.0 = Debug|Any CPU
		{1D53998C-19EE-4520-BB55-94994FB4CD64}.Release|Any CPU.ActiveCfg = Release|Any CPU
		{1D53998C-19EE-4520-BB55-94994FB4CD64}.Release|Any CPU.Build.0 = Release|Any CPU
		{7005A751-1B87-42B5-9A1A-7FAC724E3406}.Debug|Any CPU.ActiveCfg = Debug|Any CPU
		{7005A751-1B87-42B5-9A1A-7FAC724E3406}.Debug|Any CPU.Build.0 = Debug|Any CPU
		{7005A751-1B87-42B5-9A1A-7FAC724E3406}.Release|Any CPU.ActiveCfg = Release|Any CPU
		{7005A751-1B87-42B5-9A1A-7FAC724E3406}.Release|Any CPU.Build.0 = Release|Any CPU
		{04B9C388-52E6-4C3E-A974-F4691ACDEEF8}.Debug|Any CPU.ActiveCfg = Debug|Any CPU
		{04B9C388-52E6-4C3E-A974-F4691ACDEEF8}.Debug|Any CPU.Build.0 = Debug|Any CPU
		{04B9C388-52E6-4C3E-A974-F4691ACDEEF8}.Release|Any CPU.ActiveCfg = Release|Any CPU
		{04B9C388-52E6-4C3E-A974-F4691ACDEEF8}.Release|Any CPU.Build.0 = Release|Any CPU
	EndGlobalSection
	GlobalSection(SolutionProperties) = preSolution
		HideSolutionNode = FALSE
	EndGlobalSection
	GlobalSection(NestedProjects) = preSolution
		{B526F370-BB65-4A2C-AEA8-D2868782E7B8} = {EFFE0F75-3706-418C-A019-FC07B901FAB1}
		{9F0F1185-1018-4E26-AF70-AAFDB4DEB084} = {EFFE0F75-3706-418C-A019-FC07B901FAB1}
		{3274F4ED-9518-4A8F-A7F8-E7E9DB4B092B} = {EFFE0F75-3706-418C-A019-FC07B901FAB1}
		{6A99DD2A-14C5-4B62-BAD4-DB730F35DD7F} = {DA3FCF03-1456-4723-8B7B-AAB121BAA55D}
		{0EC440DC-944A-45EC-AC62-23E802603B14} = {EFFE0F75-3706-418C-A019-FC07B901FAB1}
		{6FAD50FE-AE1F-4832-BECD-B133908EB147} = {EFFE0F75-3706-418C-A019-FC07B901FAB1}
		{1D53998C-19EE-4520-BB55-94994FB4CD64} = {EFFE0F75-3706-418C-A019-FC07B901FAB1}
		{7005A751-1B87-42B5-9A1A-7FAC724E3406} = {EFFE0F75-3706-418C-A019-FC07B901FAB1}
		{04B9C388-52E6-4C3E-A974-F4691ACDEEF8} = {EFFE0F75-3706-418C-A019-FC07B901FAB1}
	EndGlobalSection
	GlobalSection(ExtensibilityGlobals) = postSolution
		SolutionGuid = {DB0E24D8-5675-4547-BCF6-3117DCD20F33}
	EndGlobalSection
EndGlobal
