
Microsoft Visual Studio Solution File, Format Version 12.00
# Visual Studio Version 16
VisualStudioVersion = 16.0.31624.102
MinimumVisualStudioVersion = 10.0.40219.1
Project("{FAE04EC0-301F-11D3-BF4B-00C04F79EFBC}") = "Lession01", "Lession01\Lession01.csproj", "{B526F370-BB65-4A2C-AEA8-D2868782E7B8}"
EndProject
Project("{FAE04EC0-301F-11D3-BF4B-00C04F79EFBC}") = "Lession02", "Lession02\Lession02.csproj", "{9F0F1185-1018-4E26-AF70-AAFDB4DEB084}"
EndProject
Project("{FAE04EC0-301F-11D3-BF4B-00C04F79EFBC}") = "Lession03", "Lession03\Lession03.csproj", "{3274F4ED-9518-4A8F-A7F8-E7E9DB4B092B}"
EndProject
Global
	GlobalSection(SolutionConfigurationPlatforms) = preSolution
		Debug|Any CPU = Debug|Any CPU
		Release|Any CPU = Release|Any CPU
	EndGlobalSection
	GlobalSection(ProjectConfigurationPlatforms) = postSolution
		{B526F370-BB65-4A2C-AEA8-D2868782E7B8}.Debug|Any CPU.ActiveCfg = Debug|Any CPU
		{B526F370-BB65-4A2C-AEA8-D2868782E7B8}.Debug|Any CPU.Build.0 = Debug|Any CPU
		{B526F370-BB65-4A2C-AEA8-D2868782E7B8}.Release|Any CPU.ActiveCfg = Release|Any CPU
		{B526F370-BB65-4A2C-AEA8-D2868782E7B8}.Release|Any CPU.Build.0 = Release|Any CPU
		{9F0F1185-1018-4E26-AF70-AAFDB4DEB084}.Debug|Any CPU.ActiveCfg = Debug|Any CPU
		{9F0F1185-1018-4E26-AF70-AAFDB4DEB084}.Debug|Any CPU.Build.0 = Debug|Any CPU
		{9F0F1185-1018-4E26-AF70-AAFDB4DEB084}.Release|Any CPU.ActiveCfg = Release|Any CPU
		{9F0F1185-1018-4E26-AF70-AAFDB4DEB084}.Release|Any CPU.Build.0 = Release|Any CPU
		{3274F4ED-9518-4A8F-A7F8-E7E9DB4B092B}.Debug|Any CPU.ActiveCfg = Debug|Any CPU
		{3274F4ED-9518-4A8F-A7F8-E7E9DB4B092B}.Debug|Any CPU.Build.0 = Debug|Any CPU
		{3274F4ED-9518-4A8F-A7F8-E7E9DB4B092B}.Release|Any CPU.ActiveCfg = Release|Any CPU
		{3274F4ED-9518-4A8F-A7F8-E7E9DB4B092B}.Release|Any CPU.Build.0 = Release|Any CPU
	EndGlobalSection
	GlobalSection(SolutionProperties) = preSolution
		HideSolutionNode = FALSE
	EndGlobalSection
	GlobalSection(ExtensibilityGlobals) = postSolution
		SolutionGuid = {DB0E24D8-5675-4547-BCF6-3117DCD20F33}
	EndGlobalSection
EndGlobal
